// !$*UTF8*$!
{
	archiveVersion = 1;
	classes = {
	};
	objectVersion = 55;
	objects = {

/* Begin PBXBuildFile section */
		AD18FBE726DFAA1B00C34C9F /* SDWebImageSwiftUI in Frameworks */ = {isa = PBXBuildFile; productRef = AD18FBE626DFAA1B00C34C9F /* SDWebImageSwiftUI */; };
		AD26460826E8EF47004691F7 /* APIServiceCombine.swift in Sources */ = {isa = PBXBuildFile; fileRef = AD26460726E8EF47004691F7 /* APIServiceCombine.swift */; };
		AD26460E26E902FD004691F7 /* Assets.xcassets in Resources */ = {isa = PBXBuildFile; fileRef = AD26460D26E902FD004691F7 /* Assets.xcassets */; };
		AD26461426E902FE004691F7 /* EssentialWeatherWatch Extension.appex in Embed App Extensions */ = {isa = PBXBuildFile; fileRef = AD26461326E902FE004691F7 /* EssentialWeatherWatch Extension.appex */; settings = {ATTRIBUTES = (RemoveHeadersOnCopy, ); }; };
		AD26461926E902FE004691F7 /* Weather_AppApp.swift in Sources */ = {isa = PBXBuildFile; fileRef = AD26461826E902FE004691F7 /* Weather_AppApp.swift */; };
		AD26461B26E902FE004691F7 /* ContentView.swift in Sources */ = {isa = PBXBuildFile; fileRef = AD26461A26E902FE004691F7 /* ContentView.swift */; };
		AD26461D26E902FE004691F7 /* NotificationController.swift in Sources */ = {isa = PBXBuildFile; fileRef = AD26461C26E902FE004691F7 /* NotificationController.swift */; };
		AD26461F26E902FE004691F7 /* NotificationView.swift in Sources */ = {isa = PBXBuildFile; fileRef = AD26461E26E902FE004691F7 /* NotificationView.swift */; };
		AD26462126E902FE004691F7 /* ComplicationController.swift in Sources */ = {isa = PBXBuildFile; fileRef = AD26462026E902FE004691F7 /* ComplicationController.swift */; };
		AD26462326E90300004691F7 /* Assets.xcassets in Resources */ = {isa = PBXBuildFile; fileRef = AD26462226E90300004691F7 /* Assets.xcassets */; };
		AD26462626E90300004691F7 /* Preview Assets.xcassets in Resources */ = {isa = PBXBuildFile; fileRef = AD26462526E90300004691F7 /* Preview Assets.xcassets */; };
		AD26462B26E90300004691F7 /* EssentialWeatherWatch.app in Embed Watch Content */ = {isa = PBXBuildFile; fileRef = AD26460B26E902FB004691F7 /* EssentialWeatherWatch.app */; settings = {ATTRIBUTES = (RemoveHeadersOnCopy, ); }; };
		AD59962226E7CF1300C15F97 /* Assets.xcassets in Resources */ = {isa = PBXBuildFile; fileRef = AD59962126E7CF1300C15F97 /* Assets.xcassets */; };
		AD5B7F2526DE86FA002EADC9 /* ForecastViewModel.swift in Sources */ = {isa = PBXBuildFile; fileRef = AD5B7F2426DE86FA002EADC9 /* ForecastViewModel.swift */; };
		AD5B7F2926DE8AD7002EADC9 /* ForecastListViewModel.swift in Sources */ = {isa = PBXBuildFile; fileRef = AD5B7F2826DE8AD7002EADC9 /* ForecastListViewModel.swift */; };
		ADBC2F1F26E4373F00F3DDB9 /* UIApplication+Extension.swift in Sources */ = {isa = PBXBuildFile; fileRef = ADBC2F1E26E4373F00F3DDB9 /* UIApplication+Extension.swift */; };
		ADCA6B2426DD30E400895DB9 /* Weather_AppApp.swift in Sources */ = {isa = PBXBuildFile; fileRef = ADCA6B2326DD30E400895DB9 /* Weather_AppApp.swift */; };
		ADCA6B2626DD30E400895DB9 /* ContentView.swift in Sources */ = {isa = PBXBuildFile; fileRef = ADCA6B2526DD30E400895DB9 /* ContentView.swift */; };
		ADCA6B2B26DD30E600895DB9 /* Preview Assets.xcassets in Resources */ = {isa = PBXBuildFile; fileRef = ADCA6B2A26DD30E600895DB9 /* Preview Assets.xcassets */; };
		ADCA6B3226DD34C700895DB9 /* APIService.swift in Sources */ = {isa = PBXBuildFile; fileRef = ADCA6B3126DD34C700895DB9 /* APIService.swift */; };
		ADCA6B3526DD350200895DB9 /* Forecast.swift in Sources */ = {isa = PBXBuildFile; fileRef = ADCA6B3426DD350200895DB9 /* Forecast.swift */; };
/* End PBXBuildFile section */

/* Begin PBXContainerItemProxy section */
		AD26461526E902FE004691F7 /* PBXContainerItemProxy */ = {
			isa = PBXContainerItemProxy;
			containerPortal = ADCA6B1826DD30E400895DB9 /* Project object */;
			proxyType = 1;
			remoteGlobalIDString = AD26461226E902FE004691F7;
			remoteInfo = "EssentialWeatherWatch Extension";
		};
		AD26462926E90300004691F7 /* PBXContainerItemProxy */ = {
			isa = PBXContainerItemProxy;
			containerPortal = ADCA6B1826DD30E400895DB9 /* Project object */;
			proxyType = 1;
			remoteGlobalIDString = AD26460A26E902FB004691F7;
			remoteInfo = EssentialWeatherWatch;
		};
/* End PBXContainerItemProxy section */

/* Begin PBXCopyFilesBuildPhase section */
		AD26462F26E90300004691F7 /* Embed App Extensions */ = {
			isa = PBXCopyFilesBuildPhase;
			buildActionMask = 2147483647;
			dstPath = "";
			dstSubfolderSpec = 13;
			files = (
				AD26461426E902FE004691F7 /* EssentialWeatherWatch Extension.appex in Embed App Extensions */,
			);
			name = "Embed App Extensions";
			runOnlyForDeploymentPostprocessing = 0;
		};
		AD26463326E90300004691F7 /* Embed Watch Content */ = {
			isa = PBXCopyFilesBuildPhase;
			buildActionMask = 2147483647;
			dstPath = "$(CONTENTS_FOLDER_PATH)/Watch";
			dstSubfolderSpec = 16;
			files = (
				AD26462B26E90300004691F7 /* EssentialWeatherWatch.app in Embed Watch Content */,
			);
			name = "Embed Watch Content";
			runOnlyForDeploymentPostprocessing = 0;
		};
/* End PBXCopyFilesBuildPhase section */

/* Begin PBXFileReference section */
		AD26460726E8EF47004691F7 /* APIServiceCombine.swift */ = {isa = PBXFileReference; lastKnownFileType = sourcecode.swift; name = APIServiceCombine.swift; path = ../APIServiceCombine.swift; sourceTree = "<group>"; };
		AD26460B26E902FB004691F7 /* EssentialWeatherWatch.app */ = {isa = PBXFileReference; explicitFileType = wrapper.application; includeInIndex = 0; path = EssentialWeatherWatch.app; sourceTree = BUILT_PRODUCTS_DIR; };
		AD26460D26E902FD004691F7 /* Assets.xcassets */ = {isa = PBXFileReference; lastKnownFileType = folder.assetcatalog; path = Assets.xcassets; sourceTree = "<group>"; };
		AD26461326E902FE004691F7 /* EssentialWeatherWatch Extension.appex */ = {isa = PBXFileReference; explicitFileType = "wrapper.app-extension"; includeInIndex = 0; path = "EssentialWeatherWatch Extension.appex"; sourceTree = BUILT_PRODUCTS_DIR; };
		AD26461826E902FE004691F7 /* Weather_AppApp.swift */ = {isa = PBXFileReference; lastKnownFileType = sourcecode.swift; path = Weather_AppApp.swift; sourceTree = "<group>"; };
		AD26461A26E902FE004691F7 /* ContentView.swift */ = {isa = PBXFileReference; lastKnownFileType = sourcecode.swift; path = ContentView.swift; sourceTree = "<group>"; };
		AD26461C26E902FE004691F7 /* NotificationController.swift */ = {isa = PBXFileReference; lastKnownFileType = sourcecode.swift; path = NotificationController.swift; sourceTree = "<group>"; };
		AD26461E26E902FE004691F7 /* NotificationView.swift */ = {isa = PBXFileReference; lastKnownFileType = sourcecode.swift; path = NotificationView.swift; sourceTree = "<group>"; };
		AD26462026E902FE004691F7 /* ComplicationController.swift */ = {isa = PBXFileReference; lastKnownFileType = sourcecode.swift; path = ComplicationController.swift; sourceTree = "<group>"; };
		AD26462226E90300004691F7 /* Assets.xcassets */ = {isa = PBXFileReference; lastKnownFileType = folder.assetcatalog; path = Assets.xcassets; sourceTree = "<group>"; };
		AD26462526E90300004691F7 /* Preview Assets.xcassets */ = {isa = PBXFileReference; lastKnownFileType = folder.assetcatalog; path = "Preview Assets.xcassets"; sourceTree = "<group>"; };
		AD26462726E90300004691F7 /* Info.plist */ = {isa = PBXFileReference; lastKnownFileType = text.plist.xml; path = Info.plist; sourceTree = "<group>"; };
		AD26462826E90300004691F7 /* PushNotificationPayload.apns */ = {isa = PBXFileReference; lastKnownFileType = text; path = PushNotificationPayload.apns; sourceTree = "<group>"; };
		AD59962026E7CC4000C15F97 /* EssentialWeather.plist */ = {isa = PBXFileReference; lastKnownFileType = text.plist.xml; path = EssentialWeather.plist; sourceTree = SOURCE_ROOT; };
		AD59962126E7CF1300C15F97 /* Assets.xcassets */ = {isa = PBXFileReference; lastKnownFileType = folder.assetcatalog; path = Assets.xcassets; sourceTree = "<group>"; };
		AD5B7F2426DE86FA002EADC9 /* ForecastViewModel.swift */ = {isa = PBXFileReference; lastKnownFileType = sourcecode.swift; path = ForecastViewModel.swift; sourceTree = "<group>"; };
		AD5B7F2826DE8AD7002EADC9 /* ForecastListViewModel.swift */ = {isa = PBXFileReference; lastKnownFileType = sourcecode.swift; path = ForecastListViewModel.swift; sourceTree = "<group>"; };
		ADBC2F1E26E4373F00F3DDB9 /* UIApplication+Extension.swift */ = {isa = PBXFileReference; lastKnownFileType = sourcecode.swift; path = "UIApplication+Extension.swift"; sourceTree = "<group>"; };
		ADCA6B2026DD30E400895DB9 /* EssentialWeather.app */ = {isa = PBXFileReference; explicitFileType = wrapper.application; includeInIndex = 0; path = EssentialWeather.app; sourceTree = BUILT_PRODUCTS_DIR; };
		ADCA6B2326DD30E400895DB9 /* Weather_AppApp.swift */ = {isa = PBXFileReference; lastKnownFileType = sourcecode.swift; path = Weather_AppApp.swift; sourceTree = "<group>"; };
		ADCA6B2526DD30E400895DB9 /* ContentView.swift */ = {isa = PBXFileReference; lastKnownFileType = sourcecode.swift; path = ContentView.swift; sourceTree = "<group>"; };
		ADCA6B2A26DD30E600895DB9 /* Preview Assets.xcassets */ = {isa = PBXFileReference; lastKnownFileType = folder.assetcatalog; path = "Preview Assets.xcassets"; sourceTree = "<group>"; };
		ADCA6B3126DD34C700895DB9 /* APIService.swift */ = {isa = PBXFileReference; fileEncoding = 4; lastKnownFileType = sourcecode.swift; path = APIService.swift; sourceTree = "<group>"; };
		ADCA6B3426DD350200895DB9 /* Forecast.swift */ = {isa = PBXFileReference; lastKnownFileType = sourcecode.swift; path = Forecast.swift; sourceTree = "<group>"; };
/* End PBXFileReference section */

/* Begin PBXFrameworksBuildPhase section */
		AD26461026E902FE004691F7 /* Frameworks */ = {
			isa = PBXFrameworksBuildPhase;
			buildActionMask = 2147483647;
			files = (
			);
			runOnlyForDeploymentPostprocessing = 0;
		};
		ADCA6B1D26DD30E400895DB9 /* Frameworks */ = {
			isa = PBXFrameworksBuildPhase;
			buildActionMask = 2147483647;
			files = (
				AD18FBE726DFAA1B00C34C9F /* SDWebImageSwiftUI in Frameworks */,
			);
			runOnlyForDeploymentPostprocessing = 0;
		};
/* End PBXFrameworksBuildPhase section */

/* Begin PBXGroup section */
		AD26460C26E902FB004691F7 /* EssentialWeatherWatch */ = {
			isa = PBXGroup;
			children = (
				AD26460D26E902FD004691F7 /* Assets.xcassets */,
			);
			path = EssentialWeatherWatch;
			sourceTree = "<group>";
		};
		AD26461726E902FE004691F7 /* EssentialWeatherWatch Extension */ = {
			isa = PBXGroup;
			children = (
				AD26461826E902FE004691F7 /* Weather_AppApp.swift */,
				AD26461A26E902FE004691F7 /* ContentView.swift */,
				AD26461C26E902FE004691F7 /* NotificationController.swift */,
				AD26461E26E902FE004691F7 /* NotificationView.swift */,
				AD26462026E902FE004691F7 /* ComplicationController.swift */,
				AD26462226E90300004691F7 /* Assets.xcassets */,
				AD26462726E90300004691F7 /* Info.plist */,
				AD26462826E90300004691F7 /* PushNotificationPayload.apns */,
				AD26462426E90300004691F7 /* Preview Content */,
			);
			path = "EssentialWeatherWatch Extension";
			sourceTree = "<group>";
		};
		AD26462426E90300004691F7 /* Preview Content */ = {
			isa = PBXGroup;
			children = (
				AD26462526E90300004691F7 /* Preview Assets.xcassets */,
			);
			path = "Preview Content";
			sourceTree = "<group>";
		};
		AD5B7F2326DE86D9002EADC9 /* Models */ = {
			isa = PBXGroup;
			children = (
				ADCA6B3426DD350200895DB9 /* Forecast.swift */,
			);
			path = Models;
			sourceTree = "<group>";
		};
		AD5B7F2626DE8702002EADC9 /* View Models */ = {
			isa = PBXGroup;
			children = (
				AD5B7F2426DE86FA002EADC9 /* ForecastViewModel.swift */,
				AD5B7F2826DE8AD7002EADC9 /* ForecastListViewModel.swift */,
			);
			path = "View Models";
			sourceTree = "<group>";
		};
		AD5B7F2726DE8711002EADC9 /* Views */ = {
			isa = PBXGroup;
			children = (
				ADCA6B2526DD30E400895DB9 /* ContentView.swift */,
			);
			path = Views;
			sourceTree = "<group>";
		};
		ADBC2F1D26E4372B00F3DDB9 /* Extensions */ = {
			isa = PBXGroup;
			children = (
				ADBC2F1E26E4373F00F3DDB9 /* UIApplication+Extension.swift */,
			);
			path = Extensions;
			sourceTree = "<group>";
		};
		ADCA6B1726DD30E400895DB9 = {
			isa = PBXGroup;
			children = (
				ADCA6B2226DD30E400895DB9 /* EssentialWeather */,
				AD26460C26E902FB004691F7 /* EssentialWeatherWatch */,
				AD26461726E902FE004691F7 /* EssentialWeatherWatch Extension */,
				ADCA6B2126DD30E400895DB9 /* Products */,
			);
			sourceTree = "<group>";
		};
		ADCA6B2126DD30E400895DB9 /* Products */ = {
			isa = PBXGroup;
			children = (
				ADCA6B2026DD30E400895DB9 /* EssentialWeather.app */,
				AD26460B26E902FB004691F7 /* EssentialWeatherWatch.app */,
				AD26461326E902FE004691F7 /* EssentialWeatherWatch Extension.appex */,
			);
			name = Products;
			sourceTree = "<group>";
		};
		ADCA6B2226DD30E400895DB9 /* EssentialWeather */ = {
			isa = PBXGroup;
			children = (
				AD59962026E7CC4000C15F97 /* EssentialWeather.plist */,
				ADBC2F1D26E4372B00F3DDB9 /* Extensions */,
				ADCA6B2326DD30E400895DB9 /* Weather_AppApp.swift */,
				AD5B7F2326DE86D9002EADC9 /* Models */,
				ADCA6B3326DD34EC00895DB9 /* Services */,
				AD5B7F2626DE8702002EADC9 /* View Models */,
				AD5B7F2726DE8711002EADC9 /* Views */,
				ADCA6B2A26DD30E600895DB9 /* Preview Assets.xcassets */,
				AD59962126E7CF1300C15F97 /* Assets.xcassets */,
				ADCA6B2926DD30E600895DB9 /* Preview Content */,
			);
			path = EssentialWeather;
			sourceTree = "<group>";
		};
		ADCA6B2926DD30E600895DB9 /* Preview Content */ = {
			isa = PBXGroup;
			children = (
			);
			path = "Preview Content";
			sourceTree = "<group>";
		};
		ADCA6B3326DD34EC00895DB9 /* Services */ = {
			isa = PBXGroup;
			children = (
				AD26460726E8EF47004691F7 /* APIServiceCombine.swift */,
				ADCA6B3126DD34C700895DB9 /* APIService.swift */,
			);
			path = Services;
			sourceTree = "<group>";
		};
/* End PBXGroup section */

/* Begin PBXNativeTarget section */
		AD26460A26E902FB004691F7 /* EssentialWeatherWatch */ = {
			isa = PBXNativeTarget;
			buildConfigurationList = AD26463026E90300004691F7 /* Build configuration list for PBXNativeTarget "EssentialWeatherWatch" */;
			buildPhases = (
				AD26460926E902FB004691F7 /* Resources */,
				AD26462F26E90300004691F7 /* Embed App Extensions */,
			);
			buildRules = (
			);
			dependencies = (
				AD26461626E902FE004691F7 /* PBXTargetDependency */,
			);
			name = EssentialWeatherWatch;
			productName = EssentialWeatherWatch;
			productReference = AD26460B26E902FB004691F7 /* EssentialWeatherWatch.app */;
			productType = "com.apple.product-type.application.watchapp2";
		};
		AD26461226E902FE004691F7 /* EssentialWeatherWatch Extension */ = {
			isa = PBXNativeTarget;
			buildConfigurationList = AD26462C26E90300004691F7 /* Build configuration list for PBXNativeTarget "EssentialWeatherWatch Extension" */;
			buildPhases = (
				AD26460F26E902FE004691F7 /* Sources */,
				AD26461026E902FE004691F7 /* Frameworks */,
				AD26461126E902FE004691F7 /* Resources */,
			);
			buildRules = (
			);
			dependencies = (
			);
			name = "EssentialWeatherWatch Extension";
			productName = "EssentialWeatherWatch Extension";
			productReference = AD26461326E902FE004691F7 /* EssentialWeatherWatch Extension.appex */;
			productType = "com.apple.product-type.watchkit2-extension";
		};
		ADCA6B1F26DD30E400895DB9 /* EssentialWeather */ = {
			isa = PBXNativeTarget;
			buildConfigurationList = ADCA6B2E26DD30E600895DB9 /* Build configuration list for PBXNativeTarget "EssentialWeather" */;
			buildPhases = (
				ADCA6B1C26DD30E400895DB9 /* Sources */,
				ADCA6B1D26DD30E400895DB9 /* Frameworks */,
				ADCA6B1E26DD30E400895DB9 /* Resources */,
				AD26463326E90300004691F7 /* Embed Watch Content */,
			);
			buildRules = (
			);
			dependencies = (
				AD26462A26E90300004691F7 /* PBXTargetDependency */,
			);
			name = EssentialWeather;
			packageProductDependencies = (
				AD18FBE626DFAA1B00C34C9F /* SDWebImageSwiftUI */,
			);
			productName = "Weather App";
			productReference = ADCA6B2026DD30E400895DB9 /* EssentialWeather.app */;
			productType = "com.apple.product-type.application";
		};
/* End PBXNativeTarget section */

/* Begin PBXProject section */
		ADCA6B1826DD30E400895DB9 /* Project object */ = {
			isa = PBXProject;
			attributes = {
				BuildIndependentTargetsInParallel = 1;
				LastSwiftUpdateCheck = 1300;
				LastUpgradeCheck = 1300;
				TargetAttributes = {
					AD26460A26E902FB004691F7 = {
						CreatedOnToolsVersion = 13.0;
					};
					AD26461226E902FE004691F7 = {
						CreatedOnToolsVersion = 13.0;
					};
					ADCA6B1F26DD30E400895DB9 = {
						CreatedOnToolsVersion = 13.0;
					};
				};
			};
			buildConfigurationList = ADCA6B1B26DD30E400895DB9 /* Build configuration list for PBXProject "EssentialWeather" */;
			compatibilityVersion = "Xcode 13.0";
			developmentRegion = en;
			hasScannedForEncodings = 0;
			knownRegions = (
				en,
				Base,
			);
			mainGroup = ADCA6B1726DD30E400895DB9;
			packageReferences = (
				AD18FBE526DFAA1B00C34C9F /* XCRemoteSwiftPackageReference "SDWebImageSwiftUI" */,
			);
			productRefGroup = ADCA6B2126DD30E400895DB9 /* Products */;
			projectDirPath = "";
			projectRoot = "";
			targets = (
				ADCA6B1F26DD30E400895DB9 /* EssentialWeather */,
				AD26460A26E902FB004691F7 /* EssentialWeatherWatch */,
				AD26461226E902FE004691F7 /* EssentialWeatherWatch Extension */,
			);
		};
/* End PBXProject section */

/* Begin PBXResourcesBuildPhase section */
		AD26460926E902FB004691F7 /* Resources */ = {
			isa = PBXResourcesBuildPhase;
			buildActionMask = 2147483647;
			files = (
				AD26460E26E902FD004691F7 /* Assets.xcassets in Resources */,
			);
			runOnlyForDeploymentPostprocessing = 0;
		};
		AD26461126E902FE004691F7 /* Resources */ = {
			isa = PBXResourcesBuildPhase;
			buildActionMask = 2147483647;
			files = (
				AD26462626E90300004691F7 /* Preview Assets.xcassets in Resources */,
				AD26462326E90300004691F7 /* Assets.xcassets in Resources */,
			);
			runOnlyForDeploymentPostprocessing = 0;
		};
		ADCA6B1E26DD30E400895DB9 /* Resources */ = {
			isa = PBXResourcesBuildPhase;
			buildActionMask = 2147483647;
			files = (
				AD59962226E7CF1300C15F97 /* Assets.xcassets in Resources */,
				ADCA6B2B26DD30E600895DB9 /* Preview Assets.xcassets in Resources */,
			);
			runOnlyForDeploymentPostprocessing = 0;
		};
/* End PBXResourcesBuildPhase section */

/* Begin PBXSourcesBuildPhase section */
		AD26460F26E902FE004691F7 /* Sources */ = {
			isa = PBXSourcesBuildPhase;
			buildActionMask = 2147483647;
			files = (
				AD26461D26E902FE004691F7 /* NotificationController.swift in Sources */,
				AD26461B26E902FE004691F7 /* ContentView.swift in Sources */,
				AD26462126E902FE004691F7 /* ComplicationController.swift in Sources */,
				AD26461926E902FE004691F7 /* Weather_AppApp.swift in Sources */,
				AD26461F26E902FE004691F7 /* NotificationView.swift in Sources */,
			);
			runOnlyForDeploymentPostprocessing = 0;
		};
		ADCA6B1C26DD30E400895DB9 /* Sources */ = {
			isa = PBXSourcesBuildPhase;
			buildActionMask = 2147483647;
			files = (
				ADCA6B3526DD350200895DB9 /* Forecast.swift in Sources */,
				ADCA6B2626DD30E400895DB9 /* ContentView.swift in Sources */,
				AD26460826E8EF47004691F7 /* APIServiceCombine.swift in Sources */,
				ADCA6B3226DD34C700895DB9 /* APIService.swift in Sources */,
				ADCA6B2426DD30E400895DB9 /* Weather_AppApp.swift in Sources */,
				AD5B7F2526DE86FA002EADC9 /* ForecastViewModel.swift in Sources */,
				AD5B7F2926DE8AD7002EADC9 /* ForecastListViewModel.swift in Sources */,
				ADBC2F1F26E4373F00F3DDB9 /* UIApplication+Extension.swift in Sources */,
			);
			runOnlyForDeploymentPostprocessing = 0;
		};
/* End PBXSourcesBuildPhase section */

/* Begin PBXTargetDependency section */
		AD26461626E902FE004691F7 /* PBXTargetDependency */ = {
			isa = PBXTargetDependency;
			target = AD26461226E902FE004691F7 /* EssentialWeatherWatch Extension */;
			targetProxy = AD26461526E902FE004691F7 /* PBXContainerItemProxy */;
		};
		AD26462A26E90300004691F7 /* PBXTargetDependency */ = {
			isa = PBXTargetDependency;
			target = AD26460A26E902FB004691F7 /* EssentialWeatherWatch */;
			targetProxy = AD26462926E90300004691F7 /* PBXContainerItemProxy */;
		};
/* End PBXTargetDependency section */

/* Begin XCBuildConfiguration section */
		AD26462D26E90300004691F7 /* Debug */ = {
			isa = XCBuildConfiguration;
			buildSettings = {
				ASSETCATALOG_COMPILER_COMPLICATION_NAME = Complication;
				CODE_SIGN_STYLE = Automatic;
				CURRENT_PROJECT_VERSION = 1;
				DEVELOPMENT_ASSET_PATHS = "\"EssentialWeatherWatch Extension/Preview Content\"";
				DEVELOPMENT_TEAM = CF655ESNGC;
				ENABLE_PREVIEWS = YES;
				GENERATE_INFOPLIST_FILE = YES;
				INFOPLIST_FILE = "EssentialWeatherWatch Extension/Info.plist";
				INFOPLIST_KEY_CFBundleDisplayName = "EssentialWeatherWatch Extension";
				INFOPLIST_KEY_CLKComplicationPrincipalClass = EssentialWeatherWatch_Extension.ComplicationController;
				INFOPLIST_KEY_NSHumanReadableCopyright = "";
				LD_RUNPATH_SEARCH_PATHS = (
					"$(inherited)",
					"@executable_path/Frameworks",
					"@executable_path/../../Frameworks",
				);
				MARKETING_VERSION = 1.0;
				PRODUCT_BUNDLE_IDENTIFIER = com.baralabs.EssentialWeather.watchkitapp.watchkitextension;
				PRODUCT_NAME = "${TARGET_NAME}";
				SDKROOT = watchos;
				SKIP_INSTALL = YES;
				SWIFT_EMIT_LOC_STRINGS = YES;
				SWIFT_VERSION = 5.0;
				TARGETED_DEVICE_FAMILY = 4;
				WATCHOS_DEPLOYMENT_TARGET = 8.0;
			};
			name = Debug;
		};
		AD26462E26E90300004691F7 /* Release */ = {
			isa = XCBuildConfiguration;
			buildSettings = {
				ASSETCATALOG_COMPILER_COMPLICATION_NAME = Complication;
				CODE_SIGN_STYLE = Automatic;
				CURRENT_PROJECT_VERSION = 1;
				DEVELOPMENT_ASSET_PATHS = "\"EssentialWeatherWatch Extension/Preview Content\"";
				DEVELOPMENT_TEAM = CF655ESNGC;
				ENABLE_PREVIEWS = YES;
				GENERATE_INFOPLIST_FILE = YES;
				INFOPLIST_FILE = "EssentialWeatherWatch Extension/Info.plist";
				INFOPLIST_KEY_CFBundleDisplayName = "EssentialWeatherWatch Extension";
				INFOPLIST_KEY_CLKComplicationPrincipalClass = EssentialWeatherWatch_Extension.ComplicationController;
				INFOPLIST_KEY_NSHumanReadableCopyright = "";
				LD_RUNPATH_SEARCH_PATHS = (
					"$(inherited)",
					"@executable_path/Frameworks",
					"@executable_path/../../Frameworks",
				);
				MARKETING_VERSION = 1.0;
				PRODUCT_BUNDLE_IDENTIFIER = com.baralabs.EssentialWeather.watchkitapp.watchkitextension;
				PRODUCT_NAME = "${TARGET_NAME}";
				SDKROOT = watchos;
				SKIP_INSTALL = YES;
				SWIFT_EMIT_LOC_STRINGS = YES;
				SWIFT_VERSION = 5.0;
				TARGETED_DEVICE_FAMILY = 4;
				WATCHOS_DEPLOYMENT_TARGET = 8.0;
			};
			name = Release;
		};
		AD26463126E90300004691F7 /* Debug */ = {
			isa = XCBuildConfiguration;
			buildSettings = {
				ALWAYS_EMBED_SWIFT_STANDARD_LIBRARIES = YES;
				ASSETCATALOG_COMPILER_APPICON_NAME = AppIcon;
				ASSETCATALOG_COMPILER_GLOBAL_ACCENT_COLOR_NAME = AccentColor;
				CODE_SIGN_STYLE = Automatic;
				CURRENT_PROJECT_VERSION = 1;
				DEVELOPMENT_TEAM = CF655ESNGC;
				GENERATE_INFOPLIST_FILE = YES;
				IBSC_MODULE = EssentialWeatherWatch_Extension;
				INFOPLIST_KEY_CFBundleDisplayName = EssentialWeatherWatch;
				INFOPLIST_KEY_UISupportedInterfaceOrientations = "UIInterfaceOrientationPortrait UIInterfaceOrientationPortraitUpsideDown";
				INFOPLIST_KEY_WKCompanionAppBundleIdentifier = com.baralabs.EssentialWeather;
				MARKETING_VERSION = 1.0;
				PRODUCT_BUNDLE_IDENTIFIER = com.baralabs.EssentialWeather.watchkitapp;
				PRODUCT_NAME = "$(TARGET_NAME)";
				SDKROOT = watchos;
				SKIP_INSTALL = YES;
				SWIFT_EMIT_LOC_STRINGS = YES;
				SWIFT_VERSION = 5.0;
				TARGETED_DEVICE_FAMILY = 4;
				WATCHOS_DEPLOYMENT_TARGET = 8.0;
			};
			name = Debug;
		};
		AD26463226E90300004691F7 /* Release */ = {
			isa = XCBuildConfiguration;
			buildSettings = {
				ALWAYS_EMBED_SWIFT_STANDARD_LIBRARIES = YES;
				ASSETCATALOG_COMPILER_APPICON_NAME = AppIcon;
				ASSETCATALOG_COMPILER_GLOBAL_ACCENT_COLOR_NAME = AccentColor;
				CODE_SIGN_STYLE = Automatic;
				CURRENT_PROJECT_VERSION = 1;
				DEVELOPMENT_TEAM = CF655ESNGC;
				GENERATE_INFOPLIST_FILE = YES;
				IBSC_MODULE = EssentialWeatherWatch_Extension;
				INFOPLIST_KEY_CFBundleDisplayName = EssentialWeatherWatch;
				INFOPLIST_KEY_UISupportedInterfaceOrientations = "UIInterfaceOrientationPortrait UIInterfaceOrientationPortraitUpsideDown";
				INFOPLIST_KEY_WKCompanionAppBundleIdentifier = com.baralabs.EssentialWeather;
				MARKETING_VERSION = 1.0;
				PRODUCT_BUNDLE_IDENTIFIER = com.baralabs.EssentialWeather.watchkitapp;
				PRODUCT_NAME = "$(TARGET_NAME)";
				SDKROOT = watchos;
				SKIP_INSTALL = YES;
				SWIFT_EMIT_LOC_STRINGS = YES;
				SWIFT_VERSION = 5.0;
				TARGETED_DEVICE_FAMILY = 4;
				WATCHOS_DEPLOYMENT_TARGET = 8.0;
			};
			name = Release;
		};
		ADCA6B2C26DD30E600895DB9 /* Debug */ = {
			isa = XCBuildConfiguration;
			buildSettings = {
				ALWAYS_SEARCH_USER_PATHS = NO;
				CLANG_ANALYZER_NONNULL = YES;
				CLANG_ANALYZER_NUMBER_OBJECT_CONVERSION = YES_AGGRESSIVE;
				CLANG_CXX_LANGUAGE_STANDARD = "gnu++17";
				CLANG_CXX_LIBRARY = "libc++";
				CLANG_ENABLE_MODULES = YES;
				CLANG_ENABLE_OBJC_ARC = YES;
				CLANG_ENABLE_OBJC_WEAK = YES;
				CLANG_WARN_BLOCK_CAPTURE_AUTORELEASING = YES;
				CLANG_WARN_BOOL_CONVERSION = YES;
				CLANG_WARN_COMMA = YES;
				CLANG_WARN_CONSTANT_CONVERSION = YES;
				CLANG_WARN_DEPRECATED_OBJC_IMPLEMENTATIONS = YES;
				CLANG_WARN_DIRECT_OBJC_ISA_USAGE = YES_ERROR;
				CLANG_WARN_DOCUMENTATION_COMMENTS = YES;
				CLANG_WARN_EMPTY_BODY = YES;
				CLANG_WARN_ENUM_CONVERSION = YES;
				CLANG_WARN_INFINITE_RECURSION = YES;
				CLANG_WARN_INT_CONVERSION = YES;
				CLANG_WARN_NON_LITERAL_NULL_CONVERSION = YES;
				CLANG_WARN_OBJC_IMPLICIT_RETAIN_SELF = YES;
				CLANG_WARN_OBJC_LITERAL_CONVERSION = YES;
				CLANG_WARN_OBJC_ROOT_CLASS = YES_ERROR;
				CLANG_WARN_QUOTED_INCLUDE_IN_FRAMEWORK_HEADER = YES;
				CLANG_WARN_RANGE_LOOP_ANALYSIS = YES;
				CLANG_WARN_STRICT_PROTOTYPES = YES;
				CLANG_WARN_SUSPICIOUS_MOVE = YES;
				CLANG_WARN_UNGUARDED_AVAILABILITY = YES_AGGRESSIVE;
				CLANG_WARN_UNREACHABLE_CODE = YES;
				CLANG_WARN__DUPLICATE_METHOD_MATCH = YES;
				COPY_PHASE_STRIP = NO;
				DEBUG_INFORMATION_FORMAT = dwarf;
				ENABLE_STRICT_OBJC_MSGSEND = YES;
				ENABLE_TESTABILITY = YES;
				GCC_C_LANGUAGE_STANDARD = gnu11;
				GCC_DYNAMIC_NO_PIC = NO;
				GCC_NO_COMMON_BLOCKS = YES;
				GCC_OPTIMIZATION_LEVEL = 0;
				GCC_PREPROCESSOR_DEFINITIONS = (
					"DEBUG=1",
					"$(inherited)",
				);
				GCC_WARN_64_TO_32_BIT_CONVERSION = YES;
				GCC_WARN_ABOUT_RETURN_TYPE = YES_ERROR;
				GCC_WARN_UNDECLARED_SELECTOR = YES;
				GCC_WARN_UNINITIALIZED_AUTOS = YES_AGGRESSIVE;
				GCC_WARN_UNUSED_FUNCTION = YES;
				GCC_WARN_UNUSED_VARIABLE = YES;
				IPHONEOS_DEPLOYMENT_TARGET = 15.0;
				MTL_ENABLE_DEBUG_INFO = INCLUDE_SOURCE;
				MTL_FAST_MATH = YES;
				ONLY_ACTIVE_ARCH = YES;
				SDKROOT = iphoneos;
				SWIFT_ACTIVE_COMPILATION_CONDITIONS = DEBUG;
				SWIFT_OPTIMIZATION_LEVEL = "-Onone";
			};
			name = Debug;
		};
		ADCA6B2D26DD30E600895DB9 /* Release */ = {
			isa = XCBuildConfiguration;
			buildSettings = {
				ALWAYS_SEARCH_USER_PATHS = NO;
				CLANG_ANALYZER_NONNULL = YES;
				CLANG_ANALYZER_NUMBER_OBJECT_CONVERSION = YES_AGGRESSIVE;
				CLANG_CXX_LANGUAGE_STANDARD = "gnu++17";
				CLANG_CXX_LIBRARY = "libc++";
				CLANG_ENABLE_MODULES = YES;
				CLANG_ENABLE_OBJC_ARC = YES;
				CLANG_ENABLE_OBJC_WEAK = YES;
				CLANG_WARN_BLOCK_CAPTURE_AUTORELEASING = YES;
				CLANG_WARN_BOOL_CONVERSION = YES;
				CLANG_WARN_COMMA = YES;
				CLANG_WARN_CONSTANT_CONVERSION = YES;
				CLANG_WARN_DEPRECATED_OBJC_IMPLEMENTATIONS = YES;
				CLANG_WARN_DIRECT_OBJC_ISA_USAGE = YES_ERROR;
				CLANG_WARN_DOCUMENTATION_COMMENTS = YES;
				CLANG_WARN_EMPTY_BODY = YES;
				CLANG_WARN_ENUM_CONVERSION = YES;
				CLANG_WARN_INFINITE_RECURSION = YES;
				CLANG_WARN_INT_CONVERSION = YES;
				CLANG_WARN_NON_LITERAL_NULL_CONVERSION = YES;
				CLANG_WARN_OBJC_IMPLICIT_RETAIN_SELF = YES;
				CLANG_WARN_OBJC_LITERAL_CONVERSION = YES;
				CLANG_WARN_OBJC_ROOT_CLASS = YES_ERROR;
				CLANG_WARN_QUOTED_INCLUDE_IN_FRAMEWORK_HEADER = YES;
				CLANG_WARN_RANGE_LOOP_ANALYSIS = YES;
				CLANG_WARN_STRICT_PROTOTYPES = YES;
				CLANG_WARN_SUSPICIOUS_MOVE = YES;
				CLANG_WARN_UNGUARDED_AVAILABILITY = YES_AGGRESSIVE;
				CLANG_WARN_UNREACHABLE_CODE = YES;
				CLANG_WARN__DUPLICATE_METHOD_MATCH = YES;
				COPY_PHASE_STRIP = NO;
				DEBUG_INFORMATION_FORMAT = "dwarf-with-dsym";
				ENABLE_NS_ASSERTIONS = NO;
				ENABLE_STRICT_OBJC_MSGSEND = YES;
				GCC_C_LANGUAGE_STANDARD = gnu11;
				GCC_NO_COMMON_BLOCKS = YES;
				GCC_WARN_64_TO_32_BIT_CONVERSION = YES;
				GCC_WARN_ABOUT_RETURN_TYPE = YES_ERROR;
				GCC_WARN_UNDECLARED_SELECTOR = YES;
				GCC_WARN_UNINITIALIZED_AUTOS = YES_AGGRESSIVE;
				GCC_WARN_UNUSED_FUNCTION = YES;
				GCC_WARN_UNUSED_VARIABLE = YES;
				IPHONEOS_DEPLOYMENT_TARGET = 15.0;
				MTL_ENABLE_DEBUG_INFO = NO;
				MTL_FAST_MATH = YES;
				SDKROOT = iphoneos;
				SWIFT_COMPILATION_MODE = wholemodule;
				SWIFT_OPTIMIZATION_LEVEL = "-O";
				VALIDATE_PRODUCT = YES;
			};
			name = Release;
		};
		ADCA6B2F26DD30E600895DB9 /* Debug */ = {
			isa = XCBuildConfiguration;
			buildSettings = {
				ASSETCATALOG_COMPILER_APPICON_NAME = AppIcon;
				ASSETCATALOG_COMPILER_GLOBAL_ACCENT_COLOR_NAME = AccentColor;
				ASSETCATALOG_COMPILER_INCLUDE_ALL_APPICON_ASSETS = YES;
				CODE_SIGN_STYLE = Automatic;
				CURRENT_PROJECT_VERSION = 1;
				DEVELOPMENT_TEAM = CF655ESNGC;
				ENABLE_PREVIEWS = YES;
				GENERATE_INFOPLIST_FILE = YES;
				INFOPLIST_FILE = EssentialWeather.plist;
				INFOPLIST_KEY_UIApplicationSceneManifest_Generation = YES;
				INFOPLIST_KEY_UIApplicationSupportsIndirectInputEvents = YES;
				INFOPLIST_KEY_UILaunchStoryboardName = LaunchScreen;
				INFOPLIST_KEY_UISupportedInterfaceOrientations_iPad = "UIInterfaceOrientationPortrait UIInterfaceOrientationPortraitUpsideDown UIInterfaceOrientationLandscapeLeft UIInterfaceOrientationLandscapeRight";
				INFOPLIST_KEY_UISupportedInterfaceOrientations_iPhone = "UIInterfaceOrientationPortrait UIInterfaceOrientationLandscapeLeft UIInterfaceOrientationLandscapeRight";
				IPHONEOS_DEPLOYMENT_TARGET = 14.0;
				LD_RUNPATH_SEARCH_PATHS = (
					"$(inherited)",
					"@executable_path/Frameworks",
				);
				MARKETING_VERSION = 1.0;
				PRODUCT_BUNDLE_IDENTIFIER = com.baralabs.EssentialWeather;
				PRODUCT_NAME = "$(TARGET_NAME)";
				SWIFT_EMIT_LOC_STRINGS = YES;
				SWIFT_VERSION = 5.0;
				TARGETED_DEVICE_FAMILY = "1,2";
			};
			name = Debug;
		};
		ADCA6B3026DD30E600895DB9 /* Release */ = {
			isa = XCBuildConfiguration;
			buildSettings = {
				ASSETCATALOG_COMPILER_APPICON_NAME = AppIcon;
				ASSETCATALOG_COMPILER_GLOBAL_ACCENT_COLOR_NAME = AccentColor;
				ASSETCATALOG_COMPILER_INCLUDE_ALL_APPICON_ASSETS = YES;
				CODE_SIGN_STYLE = Automatic;
				CURRENT_PROJECT_VERSION = 1;
				DEVELOPMENT_TEAM = CF655ESNGC;
				ENABLE_PREVIEWS = YES;
				GENERATE_INFOPLIST_FILE = YES;
				INFOPLIST_FILE = EssentialWeather.plist;
				INFOPLIST_KEY_UIApplicationSceneManifest_Generation = YES;
				INFOPLIST_KEY_UIApplicationSupportsIndirectInputEvents = YES;
				INFOPLIST_KEY_UILaunchStoryboardName = LaunchScreen;
				INFOPLIST_KEY_UISupportedInterfaceOrientations_iPad = "UIInterfaceOrientationPortrait UIInterfaceOrientationPortraitUpsideDown UIInterfaceOrientationLandscapeLeft UIInterfaceOrientationLandscapeRight";
				INFOPLIST_KEY_UISupportedInterfaceOrientations_iPhone = "UIInterfaceOrientationPortrait UIInterfaceOrientationLandscapeLeft UIInterfaceOrientationLandscapeRight";
				IPHONEOS_DEPLOYMENT_TARGET = 14.0;
				LD_RUNPATH_SEARCH_PATHS = (
					"$(inherited)",
					"@executable_path/Frameworks",
				);
				MARKETING_VERSION = 1.0;
				PRODUCT_BUNDLE_IDENTIFIER = com.baralabs.EssentialWeather;
				PRODUCT_NAME = "$(TARGET_NAME)";
				SWIFT_EMIT_LOC_STRINGS = YES;
				SWIFT_VERSION = 5.0;
				TARGETED_DEVICE_FAMILY = "1,2";
			};
			name = Release;
		};
/* End XCBuildConfiguration section */

/* Begin XCConfigurationList section */
		AD26462C26E90300004691F7 /* Build configuration list for PBXNativeTarget "EssentialWeatherWatch Extension" */ = {
			isa = XCConfigurationList;
			buildConfigurations = (
				AD26462D26E90300004691F7 /* Debug */,
				AD26462E26E90300004691F7 /* Release */,
			);
			defaultConfigurationIsVisible = 0;
			defaultConfigurationName = Release;
		};
		AD26463026E90300004691F7 /* Build configuration list for PBXNativeTarget "EssentialWeatherWatch" */ = {
			isa = XCConfigurationList;
			buildConfigurations = (
				AD26463126E90300004691F7 /* Debug */,
				AD26463226E90300004691F7 /* Release */,
			);
			defaultConfigurationIsVisible = 0;
			defaultConfigurationName = Release;
		};
		ADCA6B1B26DD30E400895DB9 /* Build configuration list for PBXProject "EssentialWeather" */ = {
			isa = XCConfigurationList;
			buildConfigurations = (
				ADCA6B2C26DD30E600895DB9 /* Debug */,
				ADCA6B2D26DD30E600895DB9 /* Release */,
			);
			defaultConfigurationIsVisible = 0;
			defaultConfigurationName = Release;
		};
		ADCA6B2E26DD30E600895DB9 /* Build configuration list for PBXNativeTarget "EssentialWeather" */ = {
			isa = XCConfigurationList;
			buildConfigurations = (
				ADCA6B2F26DD30E600895DB9 /* Debug */,
				ADCA6B3026DD30E600895DB9 /* Release */,
			);
			defaultConfigurationIsVisible = 0;
			defaultConfigurationName = Release;
		};
/* End XCConfigurationList section */

/* Begin XCRemoteSwiftPackageReference section */
		AD18FBE526DFAA1B00C34C9F /* XCRemoteSwiftPackageReference "SDWebImageSwiftUI" */ = {
			isa = XCRemoteSwiftPackageReference;
			repositoryURL = "https://github.com/SDWebImage/SDWebImageSwiftUI";
			requirement = {
				kind = upToNextMajorVersion;
				minimumVersion = 2.0.0;
			};
		};
/* End XCRemoteSwiftPackageReference section */

/* Begin XCSwiftPackageProductDependency section */
		AD18FBE626DFAA1B00C34C9F /* SDWebImageSwiftUI */ = {
			isa = XCSwiftPackageProductDependency;
			package = AD18FBE526DFAA1B00C34C9F /* XCRemoteSwiftPackageReference "SDWebImageSwiftUI" */;
			productName = SDWebImageSwiftUI;
		};
/* End XCSwiftPackageProductDependency section */
	};
	rootObject = ADCA6B1826DD30E400895DB9 /* Project object */;
}
